// !$*UTF8*$!
{
	archiveVersion = 1;
	classes = {
	};
	objectVersion = 46;
	objects = {

/* Begin PBXBuildFile section */
		1B9C03E11D15A46600C64B1A /* main.m in Sources */ = {isa = PBXBuildFile; fileRef = 1B9C03E01D15A46600C64B1A /* main.m */; };
		1B9C03E41D15A46600C64B1A /* AppDelegate.m in Sources */ = {isa = PBXBuildFile; fileRef = 1B9C03E31D15A46600C64B1A /* AppDelegate.m */; };
		1B9C03E71D15A46600C64B1A /* ViewController.m in Sources */ = {isa = PBXBuildFile; fileRef = 1B9C03E61D15A46600C64B1A /* ViewController.m */; };
		1B9C03EA1D15A46600C64B1A /* Main.storyboard in Resources */ = {isa = PBXBuildFile; fileRef = 1B9C03E81D15A46600C64B1A /* Main.storyboard */; };
		1B9C03EC1D15A46600C64B1A /* Assets.xcassets in Resources */ = {isa = PBXBuildFile; fileRef = 1B9C03EB1D15A46600C64B1A /* Assets.xcassets */; };
		1B9C03EF1D15A46600C64B1A /* LaunchScreen.storyboard in Resources */ = {isa = PBXBuildFile; fileRef = 1B9C03ED1D15A46600C64B1A /* LaunchScreen.storyboard */; };
		1B9C03FA1D15A46600C64B1A /* CustomTransitionTests.m in Sources */ = {isa = PBXBuildFile; fileRef = 1B9C03F91D15A46600C64B1A /* CustomTransitionTests.m */; };
		1B9C04051D15A46600C64B1A /* CustomTransitionUITests.m in Sources */ = {isa = PBXBuildFile; fileRef = 1B9C04041D15A46600C64B1A /* CustomTransitionUITests.m */; };
/* End PBXBuildFile section */

/* Begin PBXContainerItemProxy section */
		1B9C03F61D15A46600C64B1A /* PBXContainerItemProxy */ = {
			isa = PBXContainerItemProxy;
			containerPortal = 1B9C03D41D15A46600C64B1A /* Project object */;
			proxyType = 1;
			remoteGlobalIDString = 1B9C03DB1D15A46600C64B1A;
			remoteInfo = CustomTransition;
		};
		1B9C04011D15A46600C64B1A /* PBXContainerItemProxy */ = {
			isa = PBXContainerItemProxy;
			containerPortal = 1B9C03D41D15A46600C64B1A /* Project object */;
			proxyType = 1;
			remoteGlobalIDString = 1B9C03DB1D15A46600C64B1A;
			remoteInfo = CustomTransition;
		};
/* End PBXContainerItemProxy section */

/* Begin PBXFileReference section */
		1B9C03DC1D15A46600C64B1A /* CustomTransition.app */ = {isa = PBXFileReference; explicitFileType = wrapper.application; includeInIndex = 0; path = CustomTransition.app; sourceTree = BUILT_PRODUCTS_DIR; };
		1B9C03E01D15A46600C64B1A /* main.m */ = {isa = PBXFileReference; lastKnownFileType = sourcecode.c.objc; path = main.m; sourceTree = "<group>"; };
		1B9C03E21D15A46600C64B1A /* AppDelegate.h */ = {isa = PBXFileReference; lastKnownFileType = sourcecode.c.h; path = AppDelegate.h; sourceTree = "<group>"; };
		1B9C03E31D15A46600C64B1A /* AppDelegate.m */ = {isa = PBXFileReference; lastKnownFileType = sourcecode.c.objc; path = AppDelegate.m; sourceTree = "<group>"; };
		1B9C03E51D15A46600C64B1A /* ViewController.h */ = {isa = PBXFileReference; lastKnownFileType = sourcecode.c.h; path = ViewController.h; sourceTree = "<group>"; };
		1B9C03E61D15A46600C64B1A /* ViewController.m */ = {isa = PBXFileReference; lastKnownFileType = sourcecode.c.objc; path = ViewController.m; sourceTree = "<group>"; };
		1B9C03E91D15A46600C64B1A /* Base */ = {isa = PBXFileReference; lastKnownFileType = file.storyboard; name = Base; path = Base.lproj/Main.storyboard; sourceTree = "<group>"; };
		1B9C03EB1D15A46600C64B1A /* Assets.xcassets */ = {isa = PBXFileReference; lastKnownFileType = folder.assetcatalog; path = Assets.xcassets; sourceTree = "<group>"; };
		1B9C03EE1D15A46600C64B1A /* Base */ = {isa = PBXFileReference; lastKnownFileType = file.storyboard; name = Base; path = Base.lproj/LaunchScreen.storyboard; sourceTree = "<group>"; };
		1B9C03F01D15A46600C64B1A /* Info.plist */ = {isa = PBXFileReference; lastKnownFileType = text.plist.xml; path = Info.plist; sourceTree = "<group>"; };
		1B9C03F51D15A46600C64B1A /* CustomTransitionTests.xctest */ = {isa = PBXFileReference; explicitFileType = wrapper.cfbundle; includeInIndex = 0; path = CustomTransitionTests.xctest; sourceTree = BUILT_PRODUCTS_DIR; };
		1B9C03F91D15A46600C64B1A /* CustomTransitionTests.m */ = {isa = PBXFileReference; lastKnownFileType = sourcecode.c.objc; path = CustomTransitionTests.m; sourceTree = "<group>"; };
		1B9C03FB1D15A46600C64B1A /* Info.plist */ = {isa = PBXFileReference; lastKnownFileType = text.plist.xml; path = Info.plist; sourceTree = "<group>"; };
		1B9C04001D15A46600C64B1A /* CustomTransitionUITests.xctest */ = {isa = PBXFileReference; explicitFileType = wrapper.cfbundle; includeInIndex = 0; path = CustomTransitionUITests.xctest; sourceTree = BUILT_PRODUCTS_DIR; };
		1B9C04041D15A46600C64B1A /* CustomTransitionUITests.m */ = {isa = PBXFileReference; lastKnownFileType = sourcecode.c.objc; path = CustomTransitionUITests.m; sourceTree = "<group>"; };
		1B9C04061D15A46600C64B1A /* Info.plist */ = {isa = PBXFileReference; lastKnownFileType = text.plist.xml; path = Info.plist; sourceTree = "<group>"; };
/* End PBXFileReference section */

/* Begin PBXFrameworksBuildPhase section */
		1B9C03D91D15A46600C64B1A /* Frameworks */ = {
			isa = PBXFrameworksBuildPhase;
			buildActionMask = 2147483647;
			files = (
			);
			runOnlyForDeploymentPostprocessing = 0;
		};
		1B9C03F21D15A46600C64B1A /* Frameworks */ = {
			isa = PBXFrameworksBuildPhase;
			buildActionMask = 2147483647;
			files = (
			);
			runOnlyForDeploymentPostprocessing = 0;
		};
		1B9C03FD1D15A46600C64B1A /* Frameworks */ = {
			isa = PBXFrameworksBuildPhase;
			buildActionMask = 2147483647;
			files = (
			);
			runOnlyForDeploymentPostprocessing = 0;
		};
/* End PBXFrameworksBuildPhase section */

/* Begin PBXGroup section */
		1B9C03D31D15A46600C64B1A = {
			isa = PBXGroup;
			children = (
				1B9C03DE1D15A46600C64B1A /* CustomTransition */,
				1B9C03F81D15A46600C64B1A /* CustomTransitionTests */,
				1B9C04031D15A46600C64B1A /* CustomTransitionUITests */,
				1B9C03DD1D15A46600C64B1A /* Products */,
			);
			sourceTree = "<group>";
		};
		1B9C03DD1D15A46600C64B1A /* Products */ = {
			isa = PBXGroup;
			children = (
				1B9C03DC1D15A46600C64B1A /* CustomTransition.app */,
				1B9C03F51D15A46600C64B1A /* CustomTransitionTests.xctest */,
				1B9C04001D15A46600C64B1A /* CustomTransitionUITests.xctest */,
			);
			name = Products;
			sourceTree = "<group>";
		};
		1B9C03DE1D15A46600C64B1A /* CustomTransition */ = {
			isa = PBXGroup;
			children = (
				1B9C03E21D15A46600C64B1A /* AppDelegate.h */,
				1B9C03E31D15A46600C64B1A /* AppDelegate.m */,
				1B9C03E51D15A46600C64B1A /* ViewController.h */,
				1B9C03E61D15A46600C64B1A /* ViewController.m */,
				1B9C03E81D15A46600C64B1A /* Main.storyboard */,
				1B9C03EB1D15A46600C64B1A /* Assets.xcassets */,
				1B9C03ED1D15A46600C64B1A /* LaunchScreen.storyboard */,
				1B9C03F01D15A46600C64B1A /* Info.plist */,
				1B9C03DF1D15A46600C64B1A /* Supporting Files */,
			);
			path = CustomTransition;
			sourceTree = "<group>";
		};
		1B9C03DF1D15A46600C64B1A /* Supporting Files */ = {
			isa = PBXGroup;
			children = (
				1B9C03E01D15A46600C64B1A /* main.m */,
			);
			name = "Supporting Files";
			sourceTree = "<group>";
		};
		1B9C03F81D15A46600C64B1A /* CustomTransitionTests */ = {
			isa = PBXGroup;
			children = (
				1B9C03F91D15A46600C64B1A /* CustomTransitionTests.m */,
				1B9C03FB1D15A46600C64B1A /* Info.plist */,
			);
			path = CustomTransitionTests;
			sourceTree = "<group>";
		};
		1B9C04031D15A46600C64B1A /* CustomTransitionUITests */ = {
			isa = PBXGroup;
			children = (
				1B9C04041D15A46600C64B1A /* CustomTransitionUITests.m */,
				1B9C04061D15A46600C64B1A /* Info.plist */,
			);
			path = CustomTransitionUITests;
			sourceTree = "<group>";
		};
/* End PBXGroup section */

/* Begin PBXNativeTarget section */
		1B9C03DB1D15A46600C64B1A /* CustomTransition */ = {
			isa = PBXNativeTarget;
			buildConfigurationList = 1B9C04091D15A46600C64B1A /* Build configuration list for PBXNativeTarget "CustomTransition" */;
			buildPhases = (
				1B9C03D81D15A46600C64B1A /* Sources */,
				1B9C03D91D15A46600C64B1A /* Frameworks */,
				1B9C03DA1D15A46600C64B1A /* Resources */,
			);
			buildRules = (
			);
			dependencies = (
			);
			name = CustomTransition;
			productName = CustomTransition;
			productReference = 1B9C03DC1D15A46600C64B1A /* CustomTransition.app */;
			productType = "com.apple.product-type.application";
		};
		1B9C03F41D15A46600C64B1A /* CustomTransitionTests */ = {
			isa = PBXNativeTarget;
			buildConfigurationList = 1B9C040C1D15A46600C64B1A /* Build configuration list for PBXNativeTarget "CustomTransitionTests" */;
			buildPhases = (
				1B9C03F11D15A46600C64B1A /* Sources */,
				1B9C03F21D15A46600C64B1A /* Frameworks */,
				1B9C03F31D15A46600C64B1A /* Resources */,
			);
			buildRules = (
			);
			dependencies = (
				1B9C03F71D15A46600C64B1A /* PBXTargetDependency */,
			);
			name = CustomTransitionTests;
			productName = CustomTransitionTests;
			productReference = 1B9C03F51D15A46600C64B1A /* CustomTransitionTests.xctest */;
			productType = "com.apple.product-type.bundle.unit-test";
		};
		1B9C03FF1D15A46600C64B1A /* CustomTransitionUITests */ = {
			isa = PBXNativeTarget;
			buildConfigurationList = 1B9C040F1D15A46600C64B1A /* Build configuration list for PBXNativeTarget "CustomTransitionUITests" */;
			buildPhases = (
				1B9C03FC1D15A46600C64B1A /* Sources */,
				1B9C03FD1D15A46600C64B1A /* Frameworks */,
				1B9C03FE1D15A46600C64B1A /* Resources */,
			);
			buildRules = (
			);
			dependencies = (
				1B9C04021D15A46600C64B1A /* PBXTargetDependency */,
			);
			name = CustomTransitionUITests;
			productName = CustomTransitionUITests;
			productReference = 1B9C04001D15A46600C64B1A /* CustomTransitionUITests.xctest */;
			productType = "com.apple.product-type.bundle.ui-testing";
		};
/* End PBXNativeTarget section */

/* Begin PBXProject section */
		1B9C03D41D15A46600C64B1A /* Project object */ = {
			isa = PBXProject;
			attributes = {
				LastUpgradeCheck = 0730;
				ORGANIZATIONNAME = "RYAN ROSELLO";
				TargetAttributes = {
					1B9C03DB1D15A46600C64B1A = {
						CreatedOnToolsVersion = 7.3.1;
					};
					1B9C03F41D15A46600C64B1A = {
						CreatedOnToolsVersion = 7.3.1;
						TestTargetID = 1B9C03DB1D15A46600C64B1A;
					};
					1B9C03FF1D15A46600C64B1A = {
						CreatedOnToolsVersion = 7.3.1;
						TestTargetID = 1B9C03DB1D15A46600C64B1A;
					};
				};
			};
			buildConfigurationList = 1B9C03D71D15A46600C64B1A /* Build configuration list for PBXProject "CustomTransition" */;
			compatibilityVersion = "Xcode 3.2";
			developmentRegion = English;
			hasScannedForEncodings = 0;
			knownRegions = (
				en,
				Base,
			);
			mainGroup = 1B9C03D31D15A46600C64B1A;
			productRefGroup = 1B9C03DD1D15A46600C64B1A /* Products */;
			projectDirPath = "";
			projectRoot = "";
			targets = (
				1B9C03DB1D15A46600C64B1A /* CustomTransition */,
				1B9C03F41D15A46600C64B1A /* CustomTransitionTests */,
				1B9C03FF1D15A46600C64B1A /* CustomTransitionUITests */,
			);
		};
/* End PBXProject section */

/* Begin PBXResourcesBuildPhase section */
		1B9C03DA1D15A46600C64B1A /* Resources */ = {
			isa = PBXResourcesBuildPhase;
			buildActionMask = 2147483647;
			files = (
				1B9C03EF1D15A46600C64B1A /* LaunchScreen.storyboard in Resources */,
				1B9C03EC1D15A46600C64B1A /* Assets.xcassets in Resources */,
				1B9C03EA1D15A46600C64B1A /* Main.storyboard in Resources */,
			);
			runOnlyForDeploymentPostprocessing = 0;
		};
		1B9C03F31D15A46600C64B1A /* Resources */ = {
			isa = PBXResourcesBuildPhase;
			buildActionMask = 2147483647;
			files = (
			);
			runOnlyForDeploymentPostprocessing = 0;
		};
		1B9C03FE1D15A46600C64B1A /* Resources */ = {
			isa = PBXResourcesBuildPhase;
			buildActionMask = 2147483647;
			files = (
			);
			runOnlyForDeploymentPostprocessing = 0;
		};
/* End PBXResourcesBuildPhase section */

/* Begin PBXSourcesBuildPhase section */
		1B9C03D81D15A46600C64B1A /* Sources */ = {
			isa = PBXSourcesBuildPhase;
			buildActionMask = 2147483647;
			files = (
				1B9C03E71D15A46600C64B1A /* ViewController.m in Sources */,
				1B9C03E41D15A46600C64B1A /* AppDelegate.m in Sources */,
				1B9C03E11D15A46600C64B1A /* main.m in Sources */,
			);
			runOnlyForDeploymentPostprocessing = 0;
		};
		1B9C03F11D15A46600C64B1A /* Sources */ = {
			isa = PBXSourcesBuildPhase;
			buildActionMask = 2147483647;
			files = (
				1B9C03FA1D15A46600C64B1A /* CustomTransitionTests.m in Sources */,
			);
			runOnlyForDeploymentPostprocessing = 0;
		};
		1B9C03FC1D15A46600C64B1A /* Sources */ = {
			isa = PBXSourcesBuildPhase;
			buildActionMask = 2147483647;
			files = (
				1B9C04051D15A46600C64B1A /* CustomTransitionUITests.m in Sources */,
			);
			runOnlyForDeploymentPostprocessing = 0;
		};
/* End PBXSourcesBuildPhase section */

/* Begin PBXTargetDependency section */
		1B9C03F71D15A46600C64B1A /* PBXTargetDependency */ = {
			isa = PBXTargetDependency;
			target = 1B9C03DB1D15A46600C64B1A /* CustomTransition */;
			targetProxy = 1B9C03F61D15A46600C64B1A /* PBXContainerItemProxy */;
		};
		1B9C04021D15A46600C64B1A /* PBXTargetDependency */ = {
			isa = PBXTargetDependency;
			target = 1B9C03DB1D15A46600C64B1A /* CustomTransition */;
			targetProxy = 1B9C04011D15A46600C64B1A /* PBXContainerItemProxy */;
		};
/* End PBXTargetDependency section */

/* Begin PBXVariantGroup section */
		1B9C03E81D15A46600C64B1A /* Main.storyboard */ = {
			isa = PBXVariantGroup;
			children = (
				1B9C03E91D15A46600C64B1A /* Base */,
			);
			name = Main.storyboard;
			sourceTree = "<group>";
		};
		1B9C03ED1D15A46600C64B1A /* LaunchScreen.storyboard */ = {
			isa = PBXVariantGroup;
			children = (
				1B9C03EE1D15A46600C64B1A /* Base */,
			);
			name = LaunchScreen.storyboard;
			sourceTree = "<group>";
		};
/* End PBXVariantGroup section */

/* Begin XCBuildConfiguration section */
		1B9C04071D15A46600C64B1A /* Debug */ = {
			isa = XCBuildConfiguration;
			buildSettings = {
				ALWAYS_SEARCH_USER_PATHS = NO;
				CLANG_ANALYZER_NONNULL = YES;
				CLANG_CXX_LANGUAGE_STANDARD = "gnu++0x";
				CLANG_CXX_LIBRARY = "libc++";
				CLANG_ENABLE_MODULES = YES;
				CLANG_ENABLE_OBJC_ARC = YES;
				CLANG_WARN_BOOL_CONVERSION = YES;
				CLANG_WARN_CONSTANT_CONVERSION = YES;
				CLANG_WARN_DIRECT_OBJC_ISA_USAGE = YES_ERROR;
				CLANG_WARN_EMPTY_BODY = YES;
				CLANG_WARN_ENUM_CONVERSION = YES;
				CLANG_WARN_INT_CONVERSION = YES;
				CLANG_WARN_OBJC_ROOT_CLASS = YES_ERROR;
				CLANG_WARN_UNREACHABLE_CODE = YES;
				CLANG_WARN__DUPLICATE_METHOD_MATCH = YES;
				"CODE_SIGN_IDENTITY[sdk=iphoneos*]" = "iPhone Developer";
				COPY_PHASE_STRIP = NO;
				DEBUG_INFORMATION_FORMAT = dwarf;
				ENABLE_STRICT_OBJC_MSGSEND = YES;
				ENABLE_TESTABILITY = YES;
				GCC_C_LANGUAGE_STANDARD = gnu99;
				GCC_DYNAMIC_NO_PIC = NO;
				GCC_NO_COMMON_BLOCKS = YES;
				GCC_OPTIMIZATION_LEVEL = 0;
				GCC_PREPROCESSOR_DEFINITIONS = (
					"DEBUG=1",
					"$(inherited)",
				);
				GCC_WARN_64_TO_32_BIT_CONVERSION = YES;
				GCC_WARN_ABOUT_RETURN_TYPE = YES_ERROR;
				GCC_WARN_UNDECLARED_SELECTOR = YES;
				GCC_WARN_UNINITIALIZED_AUTOS = YES_AGGRESSIVE;
				GCC_WARN_UNUSED_FUNCTION = YES;
				GCC_WARN_UNUSED_VARIABLE = YES;
				IPHONEOS_DEPLOYMENT_TARGET = 9.3;
				MTL_ENABLE_DEBUG_INFO = YES;
				ONLY_ACTIVE_ARCH = YES;
				SDKROOT = iphoneos;
				TARGETED_DEVICE_FAMILY = "1,2";
			};
			name = Debug;
		};
		1B9C04081D15A46600C64B1A /* Release */ = {
			isa = XCBuildConfiguration;
			buildSettings = {
				ALWAYS_SEARCH_USER_PATHS = NO;
				CLANG_ANALYZER_NONNULL = YES;
				CLANG_CXX_LANGUAGE_STANDARD = "gnu++0x";
				CLANG_CXX_LIBRARY = "libc++";
				CLANG_ENABLE_MODULES = YES;
				CLANG_ENABLE_OBJC_ARC = YES;
				CLANG_WARN_BOOL_CONVERSION = YES;
				CLANG_WARN_CONSTANT_CONVERSION = YES;
				CLANG_WARN_DIRECT_OBJC_ISA_USAGE = YES_ERROR;
				CLANG_WARN_EMPTY_BODY = YES;
				CLANG_WARN_ENUM_CONVERSION = YES;
				CLANG_WARN_INT_CONVERSION = YES;
				CLANG_WARN_OBJC_ROOT_CLASS = YES_ERROR;
				CLANG_WARN_UNREACHABLE_CODE = YES;
				CLANG_WARN__DUPLICATE_METHOD_MATCH = YES;
				"CODE_SIGN_IDENTITY[sdk=iphoneos*]" = "iPhone Developer";
				COPY_PHASE_STRIP = NO;
				DEBUG_INFORMATION_FORMAT = "dwarf-with-dsym";
				ENABLE_NS_ASSERTIONS = NO;
				ENABLE_STRICT_OBJC_MSGSEND = YES;
				GCC_C_LANGUAGE_STANDARD = gnu99;
				GCC_NO_COMMON_BLOCKS = YES;
				GCC_WARN_64_TO_32_BIT_CONVERSION = YES;
				GCC_WARN_ABOUT_RETURN_TYPE = YES_ERROR;
				GCC_WARN_UNDECLARED_SELECTOR = YES;
				GCC_WARN_UNINITIALIZED_AUTOS = YES_AGGRESSIVE;
				GCC_WARN_UNUSED_FUNCTION = YES;
				GCC_WARN_UNUSED_VARIABLE = YES;
				IPHONEOS_DEPLOYMENT_TARGET = 9.3;
				MTL_ENABLE_DEBUG_INFO = NO;
				SDKROOT = iphoneos;
				TARGETED_DEVICE_FAMILY = "1,2";
				VALIDATE_PRODUCT = YES;
			};
			name = Release;
		};
		1B9C040A1D15A46600C64B1A /* Debug */ = {
			isa = XCBuildConfiguration;
			buildSettings = {
				ASSETCATALOG_COMPILER_APPICON_NAME = AppIcon;
				INFOPLIST_FILE = CustomTransition/Info.plist;
				LD_RUNPATH_SEARCH_PATHS = "$(inherited) @executable_path/Frameworks";
				PRODUCT_BUNDLE_IDENTIFIER = RAR.CustomTransition;
				PRODUCT_NAME = "$(TARGET_NAME)";
			};
			name = Debug;
		};
		1B9C040B1D15A46600C64B1A /* Release */ = {
			isa = XCBuildConfiguration;
			buildSettings = {
				ASSETCATALOG_COMPILER_APPICON_NAME = AppIcon;
				INFOPLIST_FILE = CustomTransition/Info.plist;
				LD_RUNPATH_SEARCH_PATHS = "$(inherited) @executable_path/Frameworks";
				PRODUCT_BUNDLE_IDENTIFIER = RAR.CustomTransition;
				PRODUCT_NAME = "$(TARGET_NAME)";
			};
			name = Release;
		};
		1B9C040D1D15A46600C64B1A /* Debug */ = {
			isa = XCBuildConfiguration;
			buildSettings = {
				BUNDLE_LOADER = "$(TEST_HOST)";
				INFOPLIST_FILE = CustomTransitionTests/Info.plist;
				LD_RUNPATH_SEARCH_PATHS = "$(inherited) @executable_path/Frameworks @loader_path/Frameworks";
				PRODUCT_BUNDLE_IDENTIFIER = RAR.CustomTransitionTests;
				PRODUCT_NAME = "$(TARGET_NAME)";
				TEST_HOST = "$(BUILT_PRODUCTS_DIR)/CustomTransition.app/CustomTransition";
			};
			name = Debug;
		};
		1B9C040E1D15A46600C64B1A /* Release */ = {
			isa = XCBuildConfiguration;
			buildSettings = {
				BUNDLE_LOADER = "$(TEST_HOST)";
				INFOPLIST_FILE = CustomTransitionTests/Info.plist;
				LD_RUNPATH_SEARCH_PATHS = "$(inherited) @executable_path/Frameworks @loader_path/Frameworks";
				PRODUCT_BUNDLE_IDENTIFIER = RAR.CustomTransitionTests;
				PRODUCT_NAME = "$(TARGET_NAME)";
				TEST_HOST = "$(BUILT_PRODUCTS_DIR)/CustomTransition.app/CustomTransition";
			};
			name = Release;
		};
		1B9C04101D15A46600C64B1A /* Debug */ = {
			isa = XCBuildConfiguration;
			buildSettings = {
				INFOPLIST_FILE = CustomTransitionUITests/Info.plist;
				LD_RUNPATH_SEARCH_PATHS = "$(inherited) @executable_path/Frameworks @loader_path/Frameworks";
				PRODUCT_BUNDLE_IDENTIFIER = RAR.CustomTransitionUITests;
				PRODUCT_NAME = "$(TARGET_NAME)";
				TEST_TARGET_NAME = CustomTransition;
			};
			name = Debug;
		};
		1B9C04111D15A46600C64B1A /* Release */ = {
			isa = XCBuildConfiguration;
			buildSettings = {
				INFOPLIST_FILE = CustomTransitionUITests/Info.plist;
				LD_RUNPATH_SEARCH_PATHS = "$(inherited) @executable_path/Frameworks @loader_path/Frameworks";
				PRODUCT_BUNDLE_IDENTIFIER = RAR.CustomTransitionUITests;
				PRODUCT_NAME = "$(TARGET_NAME)";
				TEST_TARGET_NAME = CustomTransition;
			};
			name = Release;
		};
/* End XCBuildConfiguration section */

/* Begin XCConfigurationList section */
		1B9C03D71D15A46600C64B1A /* Build configuration list for PBXProject "CustomTransition" */ = {
			isa = XCConfigurationList;
			buildConfigurations = (
				1B9C04071D15A46600C64B1A /* Debug */,
				1B9C04081D15A46600C64B1A /* Release */,
			);
			defaultConfigurationIsVisible = 0;
			defaultConfigurationName = Release;
		};
		1B9C04091D15A46600C64B1A /* Build configuration list for PBXNativeTarget "CustomTransition" */ = {
			isa = XCConfigurationList;
			buildConfigurations = (
				1B9C040A1D15A46600C64B1A /* Debug */,
				1B9C040B1D15A46600C64B1A /* Release */,
			);
			defaultConfigurationIsVisible = 0;
		};
		1B9C040C1D15A46600C64B1A /* Build configuration list for PBXNativeTarget "CustomTransitionTests" */ = {
			isa = XCConfigurationList;
			buildConfigurations = (
				1B9C040D1D15A46600C64B1A /* Debug */,
				1B9C040E1D15A46600C64B1A /* Release */,
			);
			defaultConfigurationIsVisible = 0;
		};
		1B9C040F1D15A46600C64B1A /* Build configuration list for PBXNativeTarget "CustomTransitionUITests" */ = {
			isa = XCConfigurationList;
			buildConfigurations = (
				1B9C04101D15A46600C64B1A /* Debug */,
				1B9C04111D15A46600C64B1A /* Release */,
			);
			defaultConfigurationIsVisible = 0;
		};
/* End XCConfigurationList section */
	};
	rootObject = 1B9C03D41D15A46600C64B1A /* Project object */;
}
